
Microsoft Visual Studio Solution File, Format Version 12.00
# Visual Studio 14
VisualStudioVersion = 14.0.25123.0
MinimumVisualStudioVersion = 10.0.40219.1
Project("{FAE04EC0-301F-11D3-BF4B-00C04F79EFBC}") = "HmDays", "HmDays\HmDays.csproj", "{EFB46B37-B80B-4E9B-BBA3-FD882F938F3D}"
EndProject
Global
	GlobalSection(SolutionConfigurationPlatforms) = preSolution
		Debug|Any CPU = Debug|Any CPU
		Release|Any CPU = Release|Any CPU
	EndGlobalSection
	GlobalSection(ProjectConfigurationPlatforms) = postSolution
		{EFB46B37-B80B-4E9B-BBA3-FD882F938F3D}.Debug|Any CPU.ActiveCfg = Debug|Any CPU
		{EFB46B37-B80B-4E9B-BBA3-FD882F938F3D}.Debug|Any CPU.Build.0 = Debug|Any CPU
		{EFB46B37-B80B-4E9B-BBA3-FD882F938F3D}.Release|Any CPU.ActiveCfg = Release|Any CPU
		{EFB46B37-B80B-4E9B-BBA3-FD882F938F3D}.Release|Any CPU.Build.0 = Release|Any CPU
	EndGlobalSection
	GlobalSection(SolutionProperties) = preSolution
		HideSolutionNode = FALSE
	EndGlobalSection
EndGlobal
